
Microsoft Visual Studio Solution File, Format Version 12.00
# Visual Studio 15
VisualStudioVersion = 15.0.27130.2027
MinimumVisualStudioVersion = 10.0.40219.1
Project("{FAE04EC0-301F-11D3-BF4B-00C04F79EFBC}") = "JenkinsTests", "JenkinsTests\JenkinsTests.csproj", "{76072857-D396-4948-A19B-A8DA13FC7F7A}"
EndProject
Project("{2150E333-8FDC-42A3-9474-1A3956D46DE8}") = "files", "files", "{2DCC6D30-9288-4896-93C6-A8DC5C576DA3}"
	ProjectSection(SolutionItems) = preProject
		..\pipeline1 = ..\pipeline1
		pipeline2.txt = pipeline2.txt
	EndProjectSection
EndProject
Global
	GlobalSection(SolutionConfigurationPlatforms) = preSolution
		Debug|Any CPU = Debug|Any CPU
		Debug|ARM = Debug|ARM
		Debug|x64 = Debug|x64
		Debug|x86 = Debug|x86
		Release|Any CPU = Release|Any CPU
		Release|ARM = Release|ARM
		Release|x64 = Release|x64
		Release|x86 = Release|x86
	EndGlobalSection
	GlobalSection(ProjectConfigurationPlatforms) = postSolution
		{76072857-D396-4948-A19B-A8DA13FC7F7A}.Debug|Any CPU.ActiveCfg = Debug|Any CPU
		{76072857-D396-4948-A19B-A8DA13FC7F7A}.Debug|Any CPU.Build.0 = Debug|Any CPU
		{76072857-D396-4948-A19B-A8DA13FC7F7A}.Debug|ARM.ActiveCfg = Debug|Any CPU
		{76072857-D396-4948-A19B-A8DA13FC7F7A}.Debug|ARM.Build.0 = Debug|Any CPU
		{76072857-D396-4948-A19B-A8DA13FC7F7A}.Debug|x64.ActiveCfg = Debug|Any CPU
		{76072857-D396-4948-A19B-A8DA13FC7F7A}.Debug|x64.Build.0 = Debug|Any CPU
		{76072857-D396-4948-A19B-A8DA13FC7F7A}.Debug|x86.ActiveCfg = Debug|Any CPU
		{76072857-D396-4948-A19B-A8DA13FC7F7A}.Debug|x86.Build.0 = Debug|Any CPU
		{76072857-D396-4948-A19B-A8DA13FC7F7A}.Release|Any CPU.ActiveCfg = Release|Any CPU
		{76072857-D396-4948-A19B-A8DA13FC7F7A}.Release|Any CPU.Build.0 = Release|Any CPU
		{76072857-D396-4948-A19B-A8DA13FC7F7A}.Release|ARM.ActiveCfg = Release|Any CPU
		{76072857-D396-4948-A19B-A8DA13FC7F7A}.Release|ARM.Build.0 = Release|Any CPU
		{76072857-D396-4948-A19B-A8DA13FC7F7A}.Release|x64.ActiveCfg = Release|Any CPU
		{76072857-D396-4948-A19B-A8DA13FC7F7A}.Release|x64.Build.0 = Release|Any CPU
		{76072857-D396-4948-A19B-A8DA13FC7F7A}.Release|x86.ActiveCfg = Release|Any CPU
		{76072857-D396-4948-A19B-A8DA13FC7F7A}.Release|x86.Build.0 = Release|Any CPU
	EndGlobalSection
	GlobalSection(SolutionProperties) = preSolution
		HideSolutionNode = FALSE
	EndGlobalSection
	GlobalSection(ExtensibilityGlobals) = postSolution
		SolutionGuid = {CB6D2988-73BD-484D-8E5C-889B99AC42E6}
	EndGlobalSection
EndGlobal
