
Microsoft Visual Studio Solution File, Format Version 12.00
# Visual Studio 15
VisualStudioVersion = 15.0.27130.2036
MinimumVisualStudioVersion = 10.0.40219.1
Project("{FAE04EC0-301F-11D3-BF4B-00C04F79EFBC}") = "JenkinsTests", "JenkinsTests\JenkinsTests.csproj", "{76072857-D396-4948-A19B-A8DA13FC7F7A}"
EndProject
Project("{2150E333-8FDC-42A3-9474-1A3956D46DE8}") = "files", "files", "{2DCC6D30-9288-4896-93C6-A8DC5C576DA3}"
	ProjectSection(SolutionItems) = preProject
		..\build.cake = ..\build.cake
		..\build.ps1 = ..\build.ps1
		..\files\pipeline1.jenkinsfile = ..\files\pipeline1.jenkinsfile
		..\files\pipeline2.jenkinsfile = ..\files\pipeline2.jenkinsfile
		..\powershelltest.ps1 = ..\powershelltest.ps1
	EndProjectSection
EndProject
Project("{FAE04EC0-301F-11D3-BF4B-00C04F79EFBC}") = "ApiTests", "UnitTestProject1\ApiTests.csproj", "{E173B666-13E1-4041-9E76-3448B2EDF81B}"
EndProject
Project("{FAE04EC0-301F-11D3-BF4B-00C04F79EFBC}") = "UiTests", "UiTests\UiTests.csproj", "{D2DB3F91-E7D6-44EE-A31A-08051D17B316}"
EndProject
Project("{FAE04EC0-301F-11D3-BF4B-00C04F79EFBC}") = "CakeExtensions", "CakeExtensions\CakeExtensions.csproj", "{66E2AC8A-D7AF-440B-B066-A6D4311675CA}"
EndProject
Project("{FAE04EC0-301F-11D3-BF4B-00C04F79EFBC}") = "Blog1.DataAccess", "Blog1.DataAccess\Blog1.DataAccess.csproj", "{FCC06D24-D7BF-4D50-A1BE-FB99330229B9}"
EndProject
Project("{FAE04EC0-301F-11D3-BF4B-00C04F79EFBC}") = "WebStuff.Web", "WebStuff.Web\WebStuff.Web.csproj", "{59E2FD89-E72C-4E32-921E-F0D806111B1B}"
EndProject
Project("{FAE04EC0-301F-11D3-BF4B-00C04F79EFBC}") = "WebStuff.Api", "WebStuff.Api\WebStuff.Api.csproj", "{03B6E5DA-5D10-459F-973E-70236D374EB8}"
EndProject
Global
	GlobalSection(SolutionConfigurationPlatforms) = preSolution
		Debug|Any CPU = Debug|Any CPU
		Debug|ARM = Debug|ARM
		Debug|x64 = Debug|x64
		Debug|x86 = Debug|x86
		Release|Any CPU = Release|Any CPU
		Release|ARM = Release|ARM
		Release|x64 = Release|x64
		Release|x86 = Release|x86
	EndGlobalSection
	GlobalSection(ProjectConfigurationPlatforms) = postSolution
		{76072857-D396-4948-A19B-A8DA13FC7F7A}.Debug|Any CPU.ActiveCfg = Debug|Any CPU
		{76072857-D396-4948-A19B-A8DA13FC7F7A}.Debug|Any CPU.Build.0 = Debug|Any CPU
		{76072857-D396-4948-A19B-A8DA13FC7F7A}.Debug|ARM.ActiveCfg = Debug|Any CPU
		{76072857-D396-4948-A19B-A8DA13FC7F7A}.Debug|ARM.Build.0 = Debug|Any CPU
		{76072857-D396-4948-A19B-A8DA13FC7F7A}.Debug|x64.ActiveCfg = Debug|Any CPU
		{76072857-D396-4948-A19B-A8DA13FC7F7A}.Debug|x64.Build.0 = Debug|Any CPU
		{76072857-D396-4948-A19B-A8DA13FC7F7A}.Debug|x86.ActiveCfg = Debug|Any CPU
		{76072857-D396-4948-A19B-A8DA13FC7F7A}.Debug|x86.Build.0 = Debug|Any CPU
		{76072857-D396-4948-A19B-A8DA13FC7F7A}.Release|Any CPU.ActiveCfg = Release|Any CPU
		{76072857-D396-4948-A19B-A8DA13FC7F7A}.Release|Any CPU.Build.0 = Release|Any CPU
		{76072857-D396-4948-A19B-A8DA13FC7F7A}.Release|ARM.ActiveCfg = Release|Any CPU
		{76072857-D396-4948-A19B-A8DA13FC7F7A}.Release|ARM.Build.0 = Release|Any CPU
		{76072857-D396-4948-A19B-A8DA13FC7F7A}.Release|x64.ActiveCfg = Release|Any CPU
		{76072857-D396-4948-A19B-A8DA13FC7F7A}.Release|x64.Build.0 = Release|Any CPU
		{76072857-D396-4948-A19B-A8DA13FC7F7A}.Release|x86.ActiveCfg = Release|Any CPU
		{76072857-D396-4948-A19B-A8DA13FC7F7A}.Release|x86.Build.0 = Release|Any CPU
		{E173B666-13E1-4041-9E76-3448B2EDF81B}.Debug|Any CPU.ActiveCfg = Debug|Any CPU
		{E173B666-13E1-4041-9E76-3448B2EDF81B}.Debug|Any CPU.Build.0 = Debug|Any CPU
		{E173B666-13E1-4041-9E76-3448B2EDF81B}.Debug|ARM.ActiveCfg = Debug|Any CPU
		{E173B666-13E1-4041-9E76-3448B2EDF81B}.Debug|ARM.Build.0 = Debug|Any CPU
		{E173B666-13E1-4041-9E76-3448B2EDF81B}.Debug|x64.ActiveCfg = Debug|Any CPU
		{E173B666-13E1-4041-9E76-3448B2EDF81B}.Debug|x64.Build.0 = Debug|Any CPU
		{E173B666-13E1-4041-9E76-3448B2EDF81B}.Debug|x86.ActiveCfg = Debug|Any CPU
		{E173B666-13E1-4041-9E76-3448B2EDF81B}.Debug|x86.Build.0 = Debug|Any CPU
		{E173B666-13E1-4041-9E76-3448B2EDF81B}.Release|Any CPU.ActiveCfg = Release|Any CPU
		{E173B666-13E1-4041-9E76-3448B2EDF81B}.Release|Any CPU.Build.0 = Release|Any CPU
		{E173B666-13E1-4041-9E76-3448B2EDF81B}.Release|ARM.ActiveCfg = Release|Any CPU
		{E173B666-13E1-4041-9E76-3448B2EDF81B}.Release|ARM.Build.0 = Release|Any CPU
		{E173B666-13E1-4041-9E76-3448B2EDF81B}.Release|x64.ActiveCfg = Release|Any CPU
		{E173B666-13E1-4041-9E76-3448B2EDF81B}.Release|x64.Build.0 = Release|Any CPU
		{E173B666-13E1-4041-9E76-3448B2EDF81B}.Release|x86.ActiveCfg = Release|Any CPU
		{E173B666-13E1-4041-9E76-3448B2EDF81B}.Release|x86.Build.0 = Release|Any CPU
		{D2DB3F91-E7D6-44EE-A31A-08051D17B316}.Debug|Any CPU.ActiveCfg = Debug|Any CPU
		{D2DB3F91-E7D6-44EE-A31A-08051D17B316}.Debug|Any CPU.Build.0 = Debug|Any CPU
		{D2DB3F91-E7D6-44EE-A31A-08051D17B316}.Debug|ARM.ActiveCfg = Debug|Any CPU
		{D2DB3F91-E7D6-44EE-A31A-08051D17B316}.Debug|ARM.Build.0 = Debug|Any CPU
		{D2DB3F91-E7D6-44EE-A31A-08051D17B316}.Debug|x64.ActiveCfg = Debug|Any CPU
		{D2DB3F91-E7D6-44EE-A31A-08051D17B316}.Debug|x64.Build.0 = Debug|Any CPU
		{D2DB3F91-E7D6-44EE-A31A-08051D17B316}.Debug|x86.ActiveCfg = Debug|Any CPU
		{D2DB3F91-E7D6-44EE-A31A-08051D17B316}.Debug|x86.Build.0 = Debug|Any CPU
		{D2DB3F91-E7D6-44EE-A31A-08051D17B316}.Release|Any CPU.ActiveCfg = Release|Any CPU
		{D2DB3F91-E7D6-44EE-A31A-08051D17B316}.Release|Any CPU.Build.0 = Release|Any CPU
		{D2DB3F91-E7D6-44EE-A31A-08051D17B316}.Release|ARM.ActiveCfg = Release|Any CPU
		{D2DB3F91-E7D6-44EE-A31A-08051D17B316}.Release|ARM.Build.0 = Release|Any CPU
		{D2DB3F91-E7D6-44EE-A31A-08051D17B316}.Release|x64.ActiveCfg = Release|Any CPU
		{D2DB3F91-E7D6-44EE-A31A-08051D17B316}.Release|x64.Build.0 = Release|Any CPU
		{D2DB3F91-E7D6-44EE-A31A-08051D17B316}.Release|x86.ActiveCfg = Release|Any CPU
		{D2DB3F91-E7D6-44EE-A31A-08051D17B316}.Release|x86.Build.0 = Release|Any CPU
		{66E2AC8A-D7AF-440B-B066-A6D4311675CA}.Debug|Any CPU.ActiveCfg = Debug|Any CPU
		{66E2AC8A-D7AF-440B-B066-A6D4311675CA}.Debug|Any CPU.Build.0 = Debug|Any CPU
		{66E2AC8A-D7AF-440B-B066-A6D4311675CA}.Debug|ARM.ActiveCfg = Debug|Any CPU
		{66E2AC8A-D7AF-440B-B066-A6D4311675CA}.Debug|ARM.Build.0 = Debug|Any CPU
		{66E2AC8A-D7AF-440B-B066-A6D4311675CA}.Debug|x64.ActiveCfg = Debug|Any CPU
		{66E2AC8A-D7AF-440B-B066-A6D4311675CA}.Debug|x64.Build.0 = Debug|Any CPU
		{66E2AC8A-D7AF-440B-B066-A6D4311675CA}.Debug|x86.ActiveCfg = Debug|Any CPU
		{66E2AC8A-D7AF-440B-B066-A6D4311675CA}.Debug|x86.Build.0 = Debug|Any CPU
		{66E2AC8A-D7AF-440B-B066-A6D4311675CA}.Release|Any CPU.ActiveCfg = Release|Any CPU
		{66E2AC8A-D7AF-440B-B066-A6D4311675CA}.Release|Any CPU.Build.0 = Release|Any CPU
		{66E2AC8A-D7AF-440B-B066-A6D4311675CA}.Release|ARM.ActiveCfg = Release|Any CPU
		{66E2AC8A-D7AF-440B-B066-A6D4311675CA}.Release|ARM.Build.0 = Release|Any CPU
		{66E2AC8A-D7AF-440B-B066-A6D4311675CA}.Release|x64.ActiveCfg = Release|Any CPU
		{66E2AC8A-D7AF-440B-B066-A6D4311675CA}.Release|x64.Build.0 = Release|Any CPU
		{66E2AC8A-D7AF-440B-B066-A6D4311675CA}.Release|x86.ActiveCfg = Release|Any CPU
		{66E2AC8A-D7AF-440B-B066-A6D4311675CA}.Release|x86.Build.0 = Release|Any CPU
		{FCC06D24-D7BF-4D50-A1BE-FB99330229B9}.Debug|Any CPU.ActiveCfg = Debug|Any CPU
		{FCC06D24-D7BF-4D50-A1BE-FB99330229B9}.Debug|Any CPU.Build.0 = Debug|Any CPU
		{FCC06D24-D7BF-4D50-A1BE-FB99330229B9}.Debug|ARM.ActiveCfg = Debug|Any CPU
		{FCC06D24-D7BF-4D50-A1BE-FB99330229B9}.Debug|ARM.Build.0 = Debug|Any CPU
		{FCC06D24-D7BF-4D50-A1BE-FB99330229B9}.Debug|x64.ActiveCfg = Debug|Any CPU
		{FCC06D24-D7BF-4D50-A1BE-FB99330229B9}.Debug|x64.Build.0 = Debug|Any CPU
		{FCC06D24-D7BF-4D50-A1BE-FB99330229B9}.Debug|x86.ActiveCfg = Debug|Any CPU
		{FCC06D24-D7BF-4D50-A1BE-FB99330229B9}.Debug|x86.Build.0 = Debug|Any CPU
		{FCC06D24-D7BF-4D50-A1BE-FB99330229B9}.Release|Any CPU.ActiveCfg = Release|Any CPU
		{FCC06D24-D7BF-4D50-A1BE-FB99330229B9}.Release|Any CPU.Build.0 = Release|Any CPU
		{FCC06D24-D7BF-4D50-A1BE-FB99330229B9}.Release|ARM.ActiveCfg = Release|Any CPU
		{FCC06D24-D7BF-4D50-A1BE-FB99330229B9}.Release|ARM.Build.0 = Release|Any CPU
		{FCC06D24-D7BF-4D50-A1BE-FB99330229B9}.Release|x64.ActiveCfg = Release|Any CPU
		{FCC06D24-D7BF-4D50-A1BE-FB99330229B9}.Release|x64.Build.0 = Release|Any CPU
		{FCC06D24-D7BF-4D50-A1BE-FB99330229B9}.Release|x86.ActiveCfg = Release|Any CPU
		{FCC06D24-D7BF-4D50-A1BE-FB99330229B9}.Release|x86.Build.0 = Release|Any CPU
		{59E2FD89-E72C-4E32-921E-F0D806111B1B}.Debug|Any CPU.ActiveCfg = Debug|Any CPU
		{59E2FD89-E72C-4E32-921E-F0D806111B1B}.Debug|Any CPU.Build.0 = Debug|Any CPU
		{59E2FD89-E72C-4E32-921E-F0D806111B1B}.Debug|ARM.ActiveCfg = Debug|Any CPU
		{59E2FD89-E72C-4E32-921E-F0D806111B1B}.Debug|ARM.Build.0 = Debug|Any CPU
		{59E2FD89-E72C-4E32-921E-F0D806111B1B}.Debug|x64.ActiveCfg = Debug|Any CPU
		{59E2FD89-E72C-4E32-921E-F0D806111B1B}.Debug|x64.Build.0 = Debug|Any CPU
		{59E2FD89-E72C-4E32-921E-F0D806111B1B}.Debug|x86.ActiveCfg = Debug|Any CPU
		{59E2FD89-E72C-4E32-921E-F0D806111B1B}.Debug|x86.Build.0 = Debug|Any CPU
		{59E2FD89-E72C-4E32-921E-F0D806111B1B}.Release|Any CPU.ActiveCfg = Release|Any CPU
		{59E2FD89-E72C-4E32-921E-F0D806111B1B}.Release|Any CPU.Build.0 = Release|Any CPU
		{59E2FD89-E72C-4E32-921E-F0D806111B1B}.Release|ARM.ActiveCfg = Release|Any CPU
		{59E2FD89-E72C-4E32-921E-F0D806111B1B}.Release|ARM.Build.0 = Release|Any CPU
		{59E2FD89-E72C-4E32-921E-F0D806111B1B}.Release|x64.ActiveCfg = Release|Any CPU
		{59E2FD89-E72C-4E32-921E-F0D806111B1B}.Release|x64.Build.0 = Release|Any CPU
		{59E2FD89-E72C-4E32-921E-F0D806111B1B}.Release|x86.ActiveCfg = Release|Any CPU
		{59E2FD89-E72C-4E32-921E-F0D806111B1B}.Release|x86.Build.0 = Release|Any CPU
		{03B6E5DA-5D10-459F-973E-70236D374EB8}.Debug|Any CPU.ActiveCfg = Debug|Any CPU
		{03B6E5DA-5D10-459F-973E-70236D374EB8}.Debug|Any CPU.Build.0 = Debug|Any CPU
		{03B6E5DA-5D10-459F-973E-70236D374EB8}.Debug|ARM.ActiveCfg = Debug|Any CPU
		{03B6E5DA-5D10-459F-973E-70236D374EB8}.Debug|ARM.Build.0 = Debug|Any CPU
		{03B6E5DA-5D10-459F-973E-70236D374EB8}.Debug|x64.ActiveCfg = Debug|Any CPU
		{03B6E5DA-5D10-459F-973E-70236D374EB8}.Debug|x64.Build.0 = Debug|Any CPU
		{03B6E5DA-5D10-459F-973E-70236D374EB8}.Debug|x86.ActiveCfg = Debug|Any CPU
		{03B6E5DA-5D10-459F-973E-70236D374EB8}.Debug|x86.Build.0 = Debug|Any CPU
		{03B6E5DA-5D10-459F-973E-70236D374EB8}.Release|Any CPU.ActiveCfg = Release|Any CPU
		{03B6E5DA-5D10-459F-973E-70236D374EB8}.Release|Any CPU.Build.0 = Release|Any CPU
		{03B6E5DA-5D10-459F-973E-70236D374EB8}.Release|ARM.ActiveCfg = Release|Any CPU
		{03B6E5DA-5D10-459F-973E-70236D374EB8}.Release|ARM.Build.0 = Release|Any CPU
		{03B6E5DA-5D10-459F-973E-70236D374EB8}.Release|x64.ActiveCfg = Release|Any CPU
		{03B6E5DA-5D10-459F-973E-70236D374EB8}.Release|x64.Build.0 = Release|Any CPU
		{03B6E5DA-5D10-459F-973E-70236D374EB8}.Release|x86.ActiveCfg = Release|Any CPU
		{03B6E5DA-5D10-459F-973E-70236D374EB8}.Release|x86.Build.0 = Release|Any CPU
	EndGlobalSection
	GlobalSection(SolutionProperties) = preSolution
		HideSolutionNode = FALSE
	EndGlobalSection
	GlobalSection(ExtensibilityGlobals) = postSolution
		SolutionGuid = {CB6D2988-73BD-484D-8E5C-889B99AC42E6}
	EndGlobalSection
EndGlobal
